
Microsoft Visual Studio Solution File, Format Version 12.00
# Visual Studio Version 16
VisualStudioVersion = 16.0.30413.136
MinimumVisualStudioVersion = 10.0.40219.1
Project("{FAE04EC0-301F-11D3-BF4B-00C04F79EFBC}") = "RSPO_UP_1", "RSPO_UP_1\RSPO_UP_1.csproj", "{B4901C82-7E8A-429B-9106-F86E4928F84C}"
EndProject
Project("{FAE04EC0-301F-11D3-BF4B-00C04F79EFBC}") = "RSPO_UP_2", "RSPO_UP_2\RSPO_UP_2.csproj", "{5F6741A6-544E-4ABD-BF57-930CFC895360}"
EndProject
Project("{FAE04EC0-301F-11D3-BF4B-00C04F79EFBC}") = "RSPO_UP_3", "RSPO_UP_3\RSPO_UP_3.csproj", "{54BAC1D4-8024-4524-B44C-0E146928F19C}"
EndProject
Project("{FAE04EC0-301F-11D3-BF4B-00C04F79EFBC}") = "RSPO_UP_4", "RSPO_UP_4\RSPO_UP_4.csproj", "{A8A3418E-A9BF-441B-995D-52DFF7546F7D}"
EndProject
Project("{FAE04EC0-301F-11D3-BF4B-00C04F79EFBC}") = "RSPO_UP_5", "RSPO_UP_5\RSPO_UP_5.csproj", "{030B07EC-C057-44AA-9AA9-F3D0CAD245DE}"
EndProject
Project("{FAE04EC0-301F-11D3-BF4B-00C04F79EFBC}") = "RSPO_UP_6", "RSPO_UP_6\RSPO_UP_6.csproj", "{9E13DA23-7290-4CA6-AB5A-907013424FB4}"
EndProject
Project("{2150E333-8FDC-42A3-9474-1A3956D46DE8}") = "RSPO_UP_7", "RSPO_UP_7", "{BC641CE7-36F9-4F58-83B8-3543DA094DFE}"
EndProject
Project("{9A19103F-16F7-4668-BE54-9A1E7A4F7556}") = "RSPO.Library.7", "RSPO_UP_7\RSPO.dotNet\RSPO.Library.7.csproj", "{8384A5A3-A4DA-4F08-9570-C716D8035835}"
EndProject
Project("{9A19103F-16F7-4668-BE54-9A1E7A4F7556}") = "RSPO.Console.7", "RSPO_UP_7\RSPO_UP_7.Console\RSPO.Console.7.csproj", "{0E501366-F7EA-4D2F-B5F8-6DF088471301}"
EndProject
Project("{2150E333-8FDC-42A3-9474-1A3956D46DE8}") = "RSPO_UP_8", "RSPO_UP_8", "{928AC6EA-CC40-45B3-A0A4-345B9A91E749}"
EndProject
Project("{9A19103F-16F7-4668-BE54-9A1E7A4F7556}") = "RSPO.Library.8", "RSPO_UP_8\RSPO.Library.8\RSPO.Library.8.csproj", "{A4C256ED-A987-422F-82E4-AB7024B527CA}"
EndProject
Project("{9A19103F-16F7-4668-BE54-9A1E7A4F7556}") = "RSPO.Console.8", "RSPO_UP_8\RSPO.Console.8\RSPO.Console.8.csproj", "{BA4BC716-10F9-45F5-8771-0CDC53835A12}"
EndProject
Project("{9A19103F-16F7-4668-BE54-9A1E7A4F7556}") = "RSPO_UP_9", "RSPO_UP_9\RSPO_UP_9.csproj", "{7A5BBEDA-A829-46A2-8645-A6E7255D3305}"
EndProject
Project("{2150E333-8FDC-42A3-9474-1A3956D46DE8}") = "RSPO_UP_10", "RSPO_UP_10", "{D28EC856-8703-4F7E-9D0B-B15260779D2C}"
EndProject
Project("{9A19103F-16F7-4668-BE54-9A1E7A4F7556}") = "RSPO_UP_10.Cnsle", "RSPO_UP_10\RSPO_UP_10.Cnsle\RSPO_UP_10.Cnsle.csproj", "{58A7ACA6-644A-4FBA-9A91-07C6CE66ECA2}"
EndProject
Project("{9A19103F-16F7-4668-BE54-9A1E7A4F7556}") = "RSPO_UP_10.Library", "RSPO_UP_10\RSPO_UP_10.Library\RSPO_UP_10.Library.csproj", "{53C4655A-DB17-4150-AAD5-8F3C1BAF3CA7}"
EndProject
Project("{9A19103F-16F7-4668-BE54-9A1E7A4F7556}") = "RSPO_UP_11", "RSPO_UP_11\RSPO_UP_11.csproj", "{FFAA3619-F1AF-4BD7-8B7F-1572471C3811}"
EndProject
Project("{9A19103F-16F7-4668-BE54-9A1E7A4F7556}") = "RSPO_UP_8.Tests", "RSPO_UP_8\RSPO_UP_8.Tests\RSPO_UP_8.Tests.csproj", "{1A95A9F3-74E3-485C-AA4A-60CBFE33F103}"
EndProject
Project("{9A19103F-16F7-4668-BE54-9A1E7A4F7556}") = "RSPO_UP_12", "RSPO_UP_12\RSPO_UP_12.csproj", "{2FA86691-B652-4587-87A4-283ABE73ECF6}"
EndProject
Project("{9A19103F-16F7-4668-BE54-9A1E7A4F7556}") = "RSPO_UP_13", "RSPO_UP_13\RSPO_UP_13.csproj", "{A24A513F-4629-41B4-A47E-FEDF55881BAE}"
EndProject
Project("{9A19103F-16F7-4668-BE54-9A1E7A4F7556}") = "RSPO_UP_14", "RSPO_UP_14\RSPO_UP_14.csproj", "{A6625991-0209-4242-97AF-1921A9385730}"
EndProject
Project("{9A19103F-16F7-4668-BE54-9A1E7A4F7556}") = "RSPO_UP_15", "RSPO_15\RSPO_UP_15.csproj", "{3012EAC8-C23E-46EE-92C0-7A1D4D72A8FA}"
EndProject
Project("{9A19103F-16F7-4668-BE54-9A1E7A4F7556}") = "RSPO_UP_16", "RSPO_UP_16\RSPO_UP_16.csproj", "{A5096395-7F76-46CB-8D75-CF1D54341CDA}"
EndProject
Project("{2150E333-8FDC-42A3-9474-1A3956D46DE8}") = "RSPO_UP_17", "RSPO_UP_17", "{BE3046E1-83D8-4C11-A710-74C952945E4D}"
EndProject
Project("{FAE04EC0-301F-11D3-BF4B-00C04F79EFBC}") = "RSPO_UP_17.Cnsl", "RSPO_UP_17\RSPO_UP_17.Cnsl\RSPO_UP_17.Cnsl.csproj", "{8FBFA5AF-73C8-495E-81A4-D0786F9AD1D2}"
EndProject
Global
	GlobalSection(SolutionConfigurationPlatforms) = preSolution
		Debug|Any CPU = Debug|Any CPU
		Release|Any CPU = Release|Any CPU
	EndGlobalSection
	GlobalSection(ProjectConfigurationPlatforms) = postSolution
		{B4901C82-7E8A-429B-9106-F86E4928F84C}.Debug|Any CPU.ActiveCfg = Debug|Any CPU
		{B4901C82-7E8A-429B-9106-F86E4928F84C}.Debug|Any CPU.Build.0 = Debug|Any CPU
		{B4901C82-7E8A-429B-9106-F86E4928F84C}.Release|Any CPU.ActiveCfg = Release|Any CPU
		{B4901C82-7E8A-429B-9106-F86E4928F84C}.Release|Any CPU.Build.0 = Release|Any CPU
		{5F6741A6-544E-4ABD-BF57-930CFC895360}.Debug|Any CPU.ActiveCfg = Debug|Any CPU
		{5F6741A6-544E-4ABD-BF57-930CFC895360}.Debug|Any CPU.Build.0 = Debug|Any CPU
		{5F6741A6-544E-4ABD-BF57-930CFC895360}.Release|Any CPU.ActiveCfg = Release|Any CPU
		{5F6741A6-544E-4ABD-BF57-930CFC895360}.Release|Any CPU.Build.0 = Release|Any CPU
		{54BAC1D4-8024-4524-B44C-0E146928F19C}.Debug|Any CPU.ActiveCfg = Debug|Any CPU
		{54BAC1D4-8024-4524-B44C-0E146928F19C}.Debug|Any CPU.Build.0 = Debug|Any CPU
		{54BAC1D4-8024-4524-B44C-0E146928F19C}.Release|Any CPU.ActiveCfg = Release|Any CPU
		{54BAC1D4-8024-4524-B44C-0E146928F19C}.Release|Any CPU.Build.0 = Release|Any CPU
		{A8A3418E-A9BF-441B-995D-52DFF7546F7D}.Debug|Any CPU.ActiveCfg = Debug|Any CPU
		{A8A3418E-A9BF-441B-995D-52DFF7546F7D}.Debug|Any CPU.Build.0 = Debug|Any CPU
		{A8A3418E-A9BF-441B-995D-52DFF7546F7D}.Release|Any CPU.ActiveCfg = Release|Any CPU
		{A8A3418E-A9BF-441B-995D-52DFF7546F7D}.Release|Any CPU.Build.0 = Release|Any CPU
		{030B07EC-C057-44AA-9AA9-F3D0CAD245DE}.Debug|Any CPU.ActiveCfg = Debug|Any CPU
		{030B07EC-C057-44AA-9AA9-F3D0CAD245DE}.Debug|Any CPU.Build.0 = Debug|Any CPU
		{030B07EC-C057-44AA-9AA9-F3D0CAD245DE}.Release|Any CPU.ActiveCfg = Release|Any CPU
		{030B07EC-C057-44AA-9AA9-F3D0CAD245DE}.Release|Any CPU.Build.0 = Release|Any CPU
		{9E13DA23-7290-4CA6-AB5A-907013424FB4}.Debug|Any CPU.ActiveCfg = Debug|Any CPU
		{9E13DA23-7290-4CA6-AB5A-907013424FB4}.Debug|Any CPU.Build.0 = Debug|Any CPU
		{9E13DA23-7290-4CA6-AB5A-907013424FB4}.Release|Any CPU.ActiveCfg = Release|Any CPU
		{9E13DA23-7290-4CA6-AB5A-907013424FB4}.Release|Any CPU.Build.0 = Release|Any CPU
		{8384A5A3-A4DA-4F08-9570-C716D8035835}.Debug|Any CPU.ActiveCfg = Debug|Any CPU
		{8384A5A3-A4DA-4F08-9570-C716D8035835}.Debug|Any CPU.Build.0 = Debug|Any CPU
		{8384A5A3-A4DA-4F08-9570-C716D8035835}.Release|Any CPU.ActiveCfg = Release|Any CPU
		{8384A5A3-A4DA-4F08-9570-C716D8035835}.Release|Any CPU.Build.0 = Release|Any CPU
		{0E501366-F7EA-4D2F-B5F8-6DF088471301}.Debug|Any CPU.ActiveCfg = Debug|Any CPU
		{0E501366-F7EA-4D2F-B5F8-6DF088471301}.Debug|Any CPU.Build.0 = Debug|Any CPU
		{0E501366-F7EA-4D2F-B5F8-6DF088471301}.Release|Any CPU.ActiveCfg = Release|Any CPU
		{0E501366-F7EA-4D2F-B5F8-6DF088471301}.Release|Any CPU.Build.0 = Release|Any CPU
		{A4C256ED-A987-422F-82E4-AB7024B527CA}.Debug|Any CPU.ActiveCfg = Debug|Any CPU
		{A4C256ED-A987-422F-82E4-AB7024B527CA}.Debug|Any CPU.Build.0 = Debug|Any CPU
		{A4C256ED-A987-422F-82E4-AB7024B527CA}.Release|Any CPU.ActiveCfg = Release|Any CPU
		{A4C256ED-A987-422F-82E4-AB7024B527CA}.Release|Any CPU.Build.0 = Release|Any CPU
		{BA4BC716-10F9-45F5-8771-0CDC53835A12}.Debug|Any CPU.ActiveCfg = Debug|Any CPU
		{BA4BC716-10F9-45F5-8771-0CDC53835A12}.Debug|Any CPU.Build.0 = Debug|Any CPU
		{BA4BC716-10F9-45F5-8771-0CDC53835A12}.Release|Any CPU.ActiveCfg = Release|Any CPU
		{BA4BC716-10F9-45F5-8771-0CDC53835A12}.Release|Any CPU.Build.0 = Release|Any CPU
		{7A5BBEDA-A829-46A2-8645-A6E7255D3305}.Debug|Any CPU.ActiveCfg = Debug|Any CPU
		{7A5BBEDA-A829-46A2-8645-A6E7255D3305}.Debug|Any CPU.Build.0 = Debug|Any CPU
		{7A5BBEDA-A829-46A2-8645-A6E7255D3305}.Release|Any CPU.ActiveCfg = Release|Any CPU
		{7A5BBEDA-A829-46A2-8645-A6E7255D3305}.Release|Any CPU.Build.0 = Release|Any CPU
		{58A7ACA6-644A-4FBA-9A91-07C6CE66ECA2}.Debug|Any CPU.ActiveCfg = Debug|Any CPU
		{58A7ACA6-644A-4FBA-9A91-07C6CE66ECA2}.Debug|Any CPU.Build.0 = Debug|Any CPU
		{58A7ACA6-644A-4FBA-9A91-07C6CE66ECA2}.Release|Any CPU.ActiveCfg = Release|Any CPU
		{58A7ACA6-644A-4FBA-9A91-07C6CE66ECA2}.Release|Any CPU.Build.0 = Release|Any CPU
		{53C4655A-DB17-4150-AAD5-8F3C1BAF3CA7}.Debug|Any CPU.ActiveCfg = Debug|Any CPU
		{53C4655A-DB17-4150-AAD5-8F3C1BAF3CA7}.Debug|Any CPU.Build.0 = Debug|Any CPU
		{53C4655A-DB17-4150-AAD5-8F3C1BAF3CA7}.Release|Any CPU.ActiveCfg = Release|Any CPU
		{53C4655A-DB17-4150-AAD5-8F3C1BAF3CA7}.Release|Any CPU.Build.0 = Release|Any CPU
		{FFAA3619-F1AF-4BD7-8B7F-1572471C3811}.Debug|Any CPU.ActiveCfg = Debug|Any CPU
		{FFAA3619-F1AF-4BD7-8B7F-1572471C3811}.Debug|Any CPU.Build.0 = Debug|Any CPU
		{FFAA3619-F1AF-4BD7-8B7F-1572471C3811}.Release|Any CPU.ActiveCfg = Release|Any CPU
		{FFAA3619-F1AF-4BD7-8B7F-1572471C3811}.Release|Any CPU.Build.0 = Release|Any CPU
		{1A95A9F3-74E3-485C-AA4A-60CBFE33F103}.Debug|Any CPU.ActiveCfg = Debug|Any CPU
		{1A95A9F3-74E3-485C-AA4A-60CBFE33F103}.Debug|Any CPU.Build.0 = Debug|Any CPU
		{1A95A9F3-74E3-485C-AA4A-60CBFE33F103}.Release|Any CPU.ActiveCfg = Release|Any CPU
		{1A95A9F3-74E3-485C-AA4A-60CBFE33F103}.Release|Any CPU.Build.0 = Release|Any CPU
		{2FA86691-B652-4587-87A4-283ABE73ECF6}.Debug|Any CPU.ActiveCfg = Debug|Any CPU
		{2FA86691-B652-4587-87A4-283ABE73ECF6}.Debug|Any CPU.Build.0 = Debug|Any CPU
		{2FA86691-B652-4587-87A4-283ABE73ECF6}.Release|Any CPU.ActiveCfg = Release|Any CPU
		{2FA86691-B652-4587-87A4-283ABE73ECF6}.Release|Any CPU.Build.0 = Release|Any CPU
		{A24A513F-4629-41B4-A47E-FEDF55881BAE}.Debug|Any CPU.ActiveCfg = Debug|Any CPU
		{A24A513F-4629-41B4-A47E-FEDF55881BAE}.Debug|Any CPU.Build.0 = Debug|Any CPU
		{A24A513F-4629-41B4-A47E-FEDF55881BAE}.Release|Any CPU.ActiveCfg = Release|Any CPU
		{A24A513F-4629-41B4-A47E-FEDF55881BAE}.Release|Any CPU.Build.0 = Release|Any CPU
		{A6625991-0209-4242-97AF-1921A9385730}.Debug|Any CPU.ActiveCfg = Debug|Any CPU
		{A6625991-0209-4242-97AF-1921A9385730}.Debug|Any CPU.Build.0 = Debug|Any CPU
		{A6625991-0209-4242-97AF-1921A9385730}.Release|Any CPU.ActiveCfg = Release|Any CPU
		{A6625991-0209-4242-97AF-1921A9385730}.Release|Any CPU.Build.0 = Release|Any CPU
		{3012EAC8-C23E-46EE-92C0-7A1D4D72A8FA}.Debug|Any CPU.ActiveCfg = Debug|Any CPU
		{3012EAC8-C23E-46EE-92C0-7A1D4D72A8FA}.Debug|Any CPU.Build.0 = Debug|Any CPU
		{3012EAC8-C23E-46EE-92C0-7A1D4D72A8FA}.Release|Any CPU.ActiveCfg = Release|Any CPU
		{3012EAC8-C23E-46EE-92C0-7A1D4D72A8FA}.Release|Any CPU.Build.0 = Release|Any CPU
		{A5096395-7F76-46CB-8D75-CF1D54341CDA}.Debug|Any CPU.ActiveCfg = Debug|Any CPU
		{A5096395-7F76-46CB-8D75-CF1D54341CDA}.Debug|Any CPU.Build.0 = Debug|Any CPU
		{A5096395-7F76-46CB-8D75-CF1D54341CDA}.Release|Any CPU.ActiveCfg = Release|Any CPU
		{A5096395-7F76-46CB-8D75-CF1D54341CDA}.Release|Any CPU.Build.0 = Release|Any CPU
		{8FBFA5AF-73C8-495E-81A4-D0786F9AD1D2}.Debug|Any CPU.ActiveCfg = Debug|Any CPU
		{8FBFA5AF-73C8-495E-81A4-D0786F9AD1D2}.Debug|Any CPU.Build.0 = Debug|Any CPU
		{8FBFA5AF-73C8-495E-81A4-D0786F9AD1D2}.Release|Any CPU.ActiveCfg = Release|Any CPU
		{8FBFA5AF-73C8-495E-81A4-D0786F9AD1D2}.Release|Any CPU.Build.0 = Release|Any CPU
	EndGlobalSection
	GlobalSection(SolutionProperties) = preSolution
		HideSolutionNode = FALSE
	EndGlobalSection
	GlobalSection(NestedProjects) = preSolution
		{8384A5A3-A4DA-4F08-9570-C716D8035835} = {BC641CE7-36F9-4F58-83B8-3543DA094DFE}
		{0E501366-F7EA-4D2F-B5F8-6DF088471301} = {BC641CE7-36F9-4F58-83B8-3543DA094DFE}
		{A4C256ED-A987-422F-82E4-AB7024B527CA} = {928AC6EA-CC40-45B3-A0A4-345B9A91E749}
		{BA4BC716-10F9-45F5-8771-0CDC53835A12} = {928AC6EA-CC40-45B3-A0A4-345B9A91E749}
		{58A7ACA6-644A-4FBA-9A91-07C6CE66ECA2} = {D28EC856-8703-4F7E-9D0B-B15260779D2C}
		{53C4655A-DB17-4150-AAD5-8F3C1BAF3CA7} = {D28EC856-8703-4F7E-9D0B-B15260779D2C}
		{1A95A9F3-74E3-485C-AA4A-60CBFE33F103} = {928AC6EA-CC40-45B3-A0A4-345B9A91E749}
		{8FBFA5AF-73C8-495E-81A4-D0786F9AD1D2} = {BE3046E1-83D8-4C11-A710-74C952945E4D}
	EndGlobalSection
	GlobalSection(ExtensibilityGlobals) = postSolution
		SolutionGuid = {F0C76F90-239A-4813-8E34-89B9DA2D3546}
	EndGlobalSection
EndGlobal
