
Microsoft Visual Studio Solution File, Format Version 12.00
# Visual Studio Version 16
VisualStudioVersion = 16.0.30413.136
MinimumVisualStudioVersion = 10.0.40219.1
Project("{FAE04EC0-301F-11D3-BF4B-00C04F79EFBC}") = "RSPO_UP_1", "RSPO_UP_1\RSPO_UP_1.csproj", "{B4901C82-7E8A-429B-9106-F86E4928F84C}"
EndProject
Project("{FAE04EC0-301F-11D3-BF4B-00C04F79EFBC}") = "RSPO_UP_2", "RSPO_UP_2\RSPO_UP_2.csproj", "{5F6741A6-544E-4ABD-BF57-930CFC895360}"
EndProject
Project("{FAE04EC0-301F-11D3-BF4B-00C04F79EFBC}") = "RSPO_UP_3", "RSPO_UP_3\RSPO_UP_3.csproj", "{54BAC1D4-8024-4524-B44C-0E146928F19C}"
EndProject
Project("{FAE04EC0-301F-11D3-BF4B-00C04F79EFBC}") = "RSPO_UP_4", "RSPO_UP_4\RSPO_UP_4.csproj", "{A8A3418E-A9BF-441B-995D-52DFF7546F7D}"
EndProject
Project("{FAE04EC0-301F-11D3-BF4B-00C04F79EFBC}") = "RSPO_UP_5", "RSPO_UP_5\RSPO_UP_5.csproj", "{030B07EC-C057-44AA-9AA9-F3D0CAD245DE}"
EndProject
Project("{FAE04EC0-301F-11D3-BF4B-00C04F79EFBC}") = "RSPO_UP_6", "RSPO_UP_6\RSPO_UP_6.csproj", "{9E13DA23-7290-4CA6-AB5A-907013424FB4}"
EndProject
Global
	GlobalSection(SolutionConfigurationPlatforms) = preSolution
		Debug|Any CPU = Debug|Any CPU
		Release|Any CPU = Release|Any CPU
	EndGlobalSection
	GlobalSection(ProjectConfigurationPlatforms) = postSolution
		{B4901C82-7E8A-429B-9106-F86E4928F84C}.Debug|Any CPU.ActiveCfg = Debug|Any CPU
		{B4901C82-7E8A-429B-9106-F86E4928F84C}.Debug|Any CPU.Build.0 = Debug|Any CPU
		{B4901C82-7E8A-429B-9106-F86E4928F84C}.Release|Any CPU.ActiveCfg = Release|Any CPU
		{B4901C82-7E8A-429B-9106-F86E4928F84C}.Release|Any CPU.Build.0 = Release|Any CPU
		{5F6741A6-544E-4ABD-BF57-930CFC895360}.Debug|Any CPU.ActiveCfg = Debug|Any CPU
		{5F6741A6-544E-4ABD-BF57-930CFC895360}.Debug|Any CPU.Build.0 = Debug|Any CPU
		{5F6741A6-544E-4ABD-BF57-930CFC895360}.Release|Any CPU.ActiveCfg = Release|Any CPU
		{5F6741A6-544E-4ABD-BF57-930CFC895360}.Release|Any CPU.Build.0 = Release|Any CPU
		{54BAC1D4-8024-4524-B44C-0E146928F19C}.Debug|Any CPU.ActiveCfg = Debug|Any CPU
		{54BAC1D4-8024-4524-B44C-0E146928F19C}.Debug|Any CPU.Build.0 = Debug|Any CPU
		{54BAC1D4-8024-4524-B44C-0E146928F19C}.Release|Any CPU.ActiveCfg = Release|Any CPU
		{54BAC1D4-8024-4524-B44C-0E146928F19C}.Release|Any CPU.Build.0 = Release|Any CPU
		{A8A3418E-A9BF-441B-995D-52DFF7546F7D}.Debug|Any CPU.ActiveCfg = Debug|Any CPU
		{A8A3418E-A9BF-441B-995D-52DFF7546F7D}.Debug|Any CPU.Build.0 = Debug|Any CPU
		{A8A3418E-A9BF-441B-995D-52DFF7546F7D}.Release|Any CPU.ActiveCfg = Release|Any CPU
		{A8A3418E-A9BF-441B-995D-52DFF7546F7D}.Release|Any CPU.Build.0 = Release|Any CPU
		{030B07EC-C057-44AA-9AA9-F3D0CAD245DE}.Debug|Any CPU.ActiveCfg = Debug|Any CPU
		{030B07EC-C057-44AA-9AA9-F3D0CAD245DE}.Debug|Any CPU.Build.0 = Debug|Any CPU
		{030B07EC-C057-44AA-9AA9-F3D0CAD245DE}.Release|Any CPU.ActiveCfg = Release|Any CPU
		{030B07EC-C057-44AA-9AA9-F3D0CAD245DE}.Release|Any CPU.Build.0 = Release|Any CPU
		{9E13DA23-7290-4CA6-AB5A-907013424FB4}.Debug|Any CPU.ActiveCfg = Debug|Any CPU
		{9E13DA23-7290-4CA6-AB5A-907013424FB4}.Debug|Any CPU.Build.0 = Debug|Any CPU
		{9E13DA23-7290-4CA6-AB5A-907013424FB4}.Release|Any CPU.ActiveCfg = Release|Any CPU
		{9E13DA23-7290-4CA6-AB5A-907013424FB4}.Release|Any CPU.Build.0 = Release|Any CPU
	EndGlobalSection
	GlobalSection(SolutionProperties) = preSolution
		HideSolutionNode = FALSE
	EndGlobalSection
	GlobalSection(ExtensibilityGlobals) = postSolution
		SolutionGuid = {F0C76F90-239A-4813-8E34-89B9DA2D3546}
	EndGlobalSection
EndGlobal
